
Microsoft Visual Studio Solution File, Format Version 12.00
# Visual Studio 2012
Project("{FAE04EC0-301F-11D3-BF4B-00C04F79EFBC}") = "CodeToDatabase", "CodeToDatabase\CodeToDatabase.csproj", "{95072F4E-6EB6-4469-893F-92783B9F4167}"
EndProject
Global
	GlobalSection(TeamFoundationVersionControl) = preSolution
		SccNumberOfProjects = 2
		SccEnterpriseProvider = {4CA58AB2-18FA-4F8D-95D4-32DDF27D184C}
		SccTeamFoundationServer = http://localhost:18080/tfs/defaultcollection
		SccLocalPath0 = .
		SccProjectUniqueName1 = CodeToDatabase\\CodeToDatabase.csproj
		SccProjectName1 = CodeToDatabase
		SccLocalPath1 = CodeToDatabase
	EndGlobalSection
	GlobalSection(SolutionConfigurationPlatforms) = preSolution
		Debug|Any CPU = Debug|Any CPU
		Release|Any CPU = Release|Any CPU
	EndGlobalSection
	GlobalSection(ProjectConfigurationPlatforms) = postSolution
		{95072F4E-6EB6-4469-893F-92783B9F4167}.Debug|Any CPU.ActiveCfg = Debug|Any CPU
		{95072F4E-6EB6-4469-893F-92783B9F4167}.Debug|Any CPU.Build.0 = Debug|Any CPU
		{95072F4E-6EB6-4469-893F-92783B9F4167}.Release|Any CPU.ActiveCfg = Release|Any CPU
		{95072F4E-6EB6-4469-893F-92783B9F4167}.Release|Any CPU.Build.0 = Release|Any CPU
	EndGlobalSection
	GlobalSection(SolutionProperties) = preSolution
		HideSolutionNode = FALSE
	EndGlobalSection
EndGlobal
