
Microsoft Visual Studio Solution File, Format Version 12.00
# Visual Studio 14
VisualStudioVersion = 14.0.23107.0
MinimumVisualStudioVersion = 10.0.40219.1
Project("{FAE04EC0-301F-11D3-BF4B-00C04F79EFBC}") = "Wkhtml2pdfWrapper", "Wkhtml2pdfWrapper\Wkhtml2pdfWrapper.csproj", "{0D3262F9-E2F5-4346-BC6C-EA268202D019}"
EndProject
Global
	GlobalSection(SolutionConfigurationPlatforms) = preSolution
		Debug|Any CPU = Debug|Any CPU
		Release|Any CPU = Release|Any CPU
	EndGlobalSection
	GlobalSection(ProjectConfigurationPlatforms) = postSolution
		{0D3262F9-E2F5-4346-BC6C-EA268202D019}.Debug|Any CPU.ActiveCfg = Debug|Any CPU
		{0D3262F9-E2F5-4346-BC6C-EA268202D019}.Debug|Any CPU.Build.0 = Debug|Any CPU
		{0D3262F9-E2F5-4346-BC6C-EA268202D019}.Release|Any CPU.ActiveCfg = Release|Any CPU
		{0D3262F9-E2F5-4346-BC6C-EA268202D019}.Release|Any CPU.Build.0 = Release|Any CPU
	EndGlobalSection
	GlobalSection(SolutionProperties) = preSolution
		HideSolutionNode = FALSE
	EndGlobalSection
	GlobalSection(TeamFoundationVersionControl) = preSolution
		SccNumberOfProjects = 2
		SccEnterpriseProvider = {4CA58AB2-18FA-4F8D-95D4-32DDF27D184C}
		SccTeamFoundationServer = http://tfs:8080/tfs/defaultcollection
		SccLocalPath0 = .
		SccProjectUniqueName1 = Wkhtml2pdfWrapper\\Wkhtml2pdfWrapper.csproj
		SccProjectName1 = Wkhtml2pdfWrapper
		SccLocalPath1 = Wkhtml2pdfWrapper
	EndGlobalSection
EndGlobal
