
Microsoft Visual Studio Solution File, Format Version 12.00
# Visual Studio 14
VisualStudioVersion = 14.0.23107.0
MinimumVisualStudioVersion = 10.0.40219.1
Project("{FAE04EC0-301F-11D3-BF4B-00C04F79EFBC}") = "YetAnotherTrackingDevice", "YetAnotherTrackingDevice\YetAnotherTrackingDevice.csproj", "{A24C2FB7-20FB-43C6-9FC2-36F43AB0C4B8}"
EndProject
Global
	GlobalSection(SolutionConfigurationPlatforms) = preSolution
		Debug|Any CPU = Debug|Any CPU
		Release|Any CPU = Release|Any CPU
	EndGlobalSection
	GlobalSection(ProjectConfigurationPlatforms) = postSolution
		{A24C2FB7-20FB-43C6-9FC2-36F43AB0C4B8}.Debug|Any CPU.ActiveCfg = Debug|Any CPU
		{A24C2FB7-20FB-43C6-9FC2-36F43AB0C4B8}.Debug|Any CPU.Build.0 = Debug|Any CPU
		{A24C2FB7-20FB-43C6-9FC2-36F43AB0C4B8}.Release|Any CPU.ActiveCfg = Release|Any CPU
		{A24C2FB7-20FB-43C6-9FC2-36F43AB0C4B8}.Release|Any CPU.Build.0 = Release|Any CPU
	EndGlobalSection
	GlobalSection(SolutionProperties) = preSolution
		HideSolutionNode = FALSE
	EndGlobalSection
	GlobalSection(TeamFoundationVersionControl) = preSolution
		SccNumberOfProjects = 2
		SccEnterpriseProvider = {4CA58AB2-18FA-4F8D-95D4-32DDF27D184C}
		SccTeamFoundationServer = http://tfs:8080/tfs/defaultcollection
		SccLocalPath0 = .
		SccProjectUniqueName1 = YetAnotherTrackingDevice\\YetAnotherTrackingDevice.csproj
		SccProjectName1 = YetAnotherTrackingDevice
		SccLocalPath1 = YetAnotherTrackingDevice
	EndGlobalSection
EndGlobal
