
Microsoft Visual Studio Solution File, Format Version 12.00
# Visual Studio 2012
Project("{FAE04EC0-301F-11D3-BF4B-00C04F79EFBC}") = "MvcUploadFile", "MvcUploadFile\MvcUploadFile.csproj", "{95FCBEA1-926F-4088-93CE-11192AFD25C4}"
EndProject
Project("{FAE04EC0-301F-11D3-BF4B-00C04F79EFBC}") = "MyModule", "MyModule\MyModule.csproj", "{AB403584-2457-4809-BFF9-F3AEFB89DB1A}"
EndProject
Global
	GlobalSection(TeamFoundationVersionControl) = preSolution
		SccNumberOfProjects = 3
		SccEnterpriseProvider = {4CA58AB2-18FA-4F8D-95D4-32DDF27D184C}
		SccTeamFoundationServer = http://tfs:8080/tfs/defaultcollection
		SccLocalPath0 = .
		SccProjectUniqueName1 = MvcUploadFile\\MvcUploadFile.csproj
		SccProjectName1 = MvcUploadFile
		SccLocalPath1 = MvcUploadFile
		SccProjectUniqueName2 = MyModule\\MyModule.csproj
		SccProjectName2 = MyModule
		SccLocalPath2 = MyModule
	EndGlobalSection
	GlobalSection(SolutionConfigurationPlatforms) = preSolution
		Debug|Any CPU = Debug|Any CPU
		Release|Any CPU = Release|Any CPU
	EndGlobalSection
	GlobalSection(ProjectConfigurationPlatforms) = postSolution
		{95FCBEA1-926F-4088-93CE-11192AFD25C4}.Debug|Any CPU.ActiveCfg = Debug|Any CPU
		{95FCBEA1-926F-4088-93CE-11192AFD25C4}.Debug|Any CPU.Build.0 = Debug|Any CPU
		{95FCBEA1-926F-4088-93CE-11192AFD25C4}.Release|Any CPU.ActiveCfg = Release|Any CPU
		{95FCBEA1-926F-4088-93CE-11192AFD25C4}.Release|Any CPU.Build.0 = Release|Any CPU
		{AB403584-2457-4809-BFF9-F3AEFB89DB1A}.Debug|Any CPU.ActiveCfg = Debug|Any CPU
		{AB403584-2457-4809-BFF9-F3AEFB89DB1A}.Debug|Any CPU.Build.0 = Debug|Any CPU
		{AB403584-2457-4809-BFF9-F3AEFB89DB1A}.Release|Any CPU.ActiveCfg = Release|Any CPU
		{AB403584-2457-4809-BFF9-F3AEFB89DB1A}.Release|Any CPU.Build.0 = Release|Any CPU
	EndGlobalSection
	GlobalSection(SolutionProperties) = preSolution
		HideSolutionNode = FALSE
	EndGlobalSection
EndGlobal
